2023-04-19T19:26:50.8992303Z ##[section]Starting: terraform_plan
2023-04-19T19:26:52.2296884Z ##[section]Starting: Initialize job
2023-04-19T19:26:52.2297497Z Agent name: 'rhelvm05'
2023-04-19T19:26:52.2297718Z Agent machine name: 'rhelvm05'
2023-04-19T19:26:52.2297916Z Current agent version: '3.218.0'
2023-04-19T19:26:52.2314530Z Agent running as: 'azureuser'
2023-04-19T19:26:52.2351362Z Prepare build directory.
2023-04-19T19:26:52.2689945Z Set build variables.
2023-04-19T19:26:52.2720534Z Download all required tasks.
2023-04-19T19:26:52.2906793Z Checking job knob settings.
2023-04-19T19:26:52.2916455Z    Knob: DockerActionRetries = true Source: $(VSTSAGENT_DOCKER_ACTION_RETRIES) 
2023-04-19T19:26:52.2918726Z    Knob: ContinueAfterCancelProcessTreeKillAttempt = true Source: $(VSTSAGENT_CONTINUE_AFTER_CANCEL_PROCESSTREEKILL_ATTEMPT) 
2023-04-19T19:26:52.2919169Z Finished checking job knob settings.
2023-04-19T19:26:52.3459881Z Start tracking orphan processes.
2023-04-19T19:26:52.3591865Z ##[section]Finishing: Initialize job
2023-04-19T19:26:52.3904350Z ##[section]Starting: Checkout terraform-replacetoken-poc@main to s
2023-04-19T19:26:52.4110543Z ==============================================================================
2023-04-19T19:26:52.4111124Z Task         : Get sources
2023-04-19T19:26:52.4111352Z Description  : Get sources from a repository. Supports Git, TfsVC, and SVN repositories.
2023-04-19T19:26:52.4111483Z Version      : 1.0.0
2023-04-19T19:26:52.4111684Z Author       : Microsoft
2023-04-19T19:26:52.4112199Z Help         : [More Information](https://go.microsoft.com/fwlink/?LinkId=798199)
2023-04-19T19:26:52.4112338Z ==============================================================================
2023-04-19T19:26:56.9685997Z Syncing repository: terraform-replacetoken-poc (Git)
2023-04-19T19:26:56.9690461Z ##[command]git version
2023-04-19T19:26:56.9694468Z git version 2.17.1
2023-04-19T19:26:56.9695628Z ##[command]git config --get remote.origin.url
2023-04-19T19:26:56.9700832Z ##[command]git clean -ffdx
2023-04-19T19:26:56.9704247Z Removing .terraform.lock.hcl
2023-04-19T19:26:56.9704637Z Removing .terraform/
2023-04-19T19:26:56.9705774Z ##[command]git reset --hard HEAD
2023-04-19T19:26:56.9715829Z HEAD is now at d14a290 Update azure-pipelines.yml for Azure Pipelines
2023-04-19T19:26:56.9721848Z ##[command]git config gc.auto 0
2023-04-19T19:26:56.9726366Z ##[command]git config --get-all http.https://azurepoc-rakesh@dev.azure.com/azurepoc-rakesh/Azure-terraform/_git/terraform-replacetoken-poc.extraheader
2023-04-19T19:26:56.9730722Z ##[command]git config --get-all http.extraheader
2023-04-19T19:26:56.9734962Z ##[command]git config --get-regexp .*extraheader
2023-04-19T19:26:56.9739177Z ##[command]git config --get-all http.proxy
2023-04-19T19:26:56.9743338Z ##[command]git config http.version HTTP/1.1
2023-04-19T19:26:56.9753450Z ##[command]git -c http.extraheader="AUTHORIZATION: bearer ***" fetch  --tags --prune --prune-tags --progress --no-recurse-submodules origin --depth=1 +3b37920f2ed8f9152a1034c6d8ad25dfa38b060f:refs/remotes/origin/3b37920f2ed8f9152a1034c6d8ad25dfa38b060f
2023-04-19T19:26:56.9757545Z remote: Azure Repos        
2023-04-19T19:26:56.9757898Z remote: We noticed you're using an older version of Git. For the best experience, upgrade to a newer version.        
2023-04-19T19:26:56.9758101Z remote: 
2023-04-19T19:26:56.9758261Z remote: Found 6 objects to send. (9 ms)        
2023-04-19T19:26:56.9758579Z From https://dev.azure.com/azurepoc-rakesh/Azure-terraform/_git/terraform-replacetoken-poc
2023-04-19T19:26:56.9759014Z  * [new ref]         3b37920f2ed8f9152a1034c6d8ad25dfa38b060f -> origin/3b37920f2ed8f9152a1034c6d8ad25dfa38b060f
2023-04-19T19:26:58.1750430Z ##[command]git -c http.extraheader="AUTHORIZATION: bearer ***" fetch  --tags --prune --prune-tags --progress --no-recurse-submodules origin --depth=1 +3b37920f2ed8f9152a1034c6d8ad25dfa38b060f
2023-04-19T19:26:58.1754543Z remote: Azure Repos        
2023-04-19T19:26:58.1754988Z remote: We noticed you're using an older version of Git. For the best experience, upgrade to a newer version.        
2023-04-19T19:26:58.1755647Z remote: 
2023-04-19T19:26:58.1755834Z remote: Found 0 objects to send. (0 ms)        
2023-04-19T19:26:58.1756212Z From https://dev.azure.com/azurepoc-rakesh/Azure-terraform/_git/terraform-replacetoken-poc
2023-04-19T19:26:58.1756613Z  * branch            3b37920f2ed8f9152a1034c6d8ad25dfa38b060f -> FETCH_HEAD
2023-04-19T19:26:59.0147496Z ##[command]git checkout --progress --force refs/remotes/origin/3b37920f2ed8f9152a1034c6d8ad25dfa38b060f
2023-04-19T19:26:59.0151584Z Previous HEAD position was d14a290 Update azure-pipelines.yml for Azure Pipelines
2023-04-19T19:26:59.0151791Z HEAD is now at 3b37920 Updated main.tf
2023-04-19T19:26:59.0211874Z ##[section]Finishing: Checkout terraform-replacetoken-poc@main to s
2023-04-19T19:27:01.4909519Z ##[section]Starting: replacetokens
2023-04-19T19:27:01.4915654Z ==============================================================================
2023-04-19T19:27:01.4915788Z Task         : Replace Tokens
2023-04-19T19:27:01.4915866Z Description  : Replace tokens in files
2023-04-19T19:27:01.4915969Z Version      : 5.1.0
2023-04-19T19:27:01.4916030Z Author       : Guillaume Rouchon
2023-04-19T19:27:01.4916099Z Help         : [Learn more about this task](https://github.com/qetza/vsts-replacetokens-task/blob/master/ReplaceTokens/ReplaceTokensV4/README.md) (v5.1.0)
2023-04-19T19:27:01.4916253Z ==============================================================================
2023-04-19T19:27:03.9992913Z ##[group]replacing tokens in: /home/azureuser/_work/1/s/value.auto.tfvars
2023-04-19T19:27:04.0165344Z   9 token(s) replaced out of 9
2023-04-19T19:27:04.0169247Z ##[endgroup]
2023-04-19T19:27:04.0236646Z replaced 9 tokens out of 9 in 1 file(s) in 0.08 seconds.
2023-04-19T19:27:04.1017699Z ##[section]Finishing: replacetokens
2023-04-19T19:27:04.3609926Z ##[section]Starting: TerraformTaskV4
2023-04-19T19:27:04.3615577Z ==============================================================================
2023-04-19T19:27:04.3615700Z Task         : Terraform
2023-04-19T19:27:04.3615794Z Description  : Execute terraform commands to manage resources on AzureRM, Amazon Web Services(AWS) and Google Cloud Platform(GCP)
2023-04-19T19:27:04.3615929Z Version      : 4.218.21
2023-04-19T19:27:04.3615992Z Author       : Microsoft Corporation
2023-04-19T19:27:04.3616061Z Help         : [Learn more about this task](https://aka.ms/AAf0uqr)
2023-04-19T19:27:04.3616143Z ==============================================================================
2023-04-19T19:27:05.6024507Z [command]/usr/bin/terraform init -backend-config=storage_account_name=csg100300009f52f5f3 -backend-config=container_name=vis -backend-config=key=vis-replacetoken.tfstate -backend-config=resource_group_name=cloud-shell-storage-centralindia -backend-config=subscription_id=23691e30-29e0-45f0-9efa-9e38d2d8358e -backend-config=tenant_id=e0793d39-0939-496d-b129-198edd916feb -backend-config=use_msi=true
2023-04-19T19:27:05.6399119Z 
2023-04-19T19:27:05.6400214Z [0m[1mInitializing the backend...[0m
2023-04-19T19:27:07.9110331Z [0m[32m
2023-04-19T19:27:07.9111061Z Successfully configured the backend "azurerm"! Terraform will automatically
2023-04-19T19:27:07.9111617Z use this backend unless the backend configuration changes.[0m
2023-04-19T19:27:09.8299587Z 
2023-04-19T19:27:09.8307167Z [0m[1mInitializing provider plugins...[0m
2023-04-19T19:27:09.8318459Z - Finding hashicorp/azurerm versions matching "~> 3.2"...
2023-04-19T19:27:09.9210757Z - Installing hashicorp/azurerm v3.52.0...
2023-04-19T19:27:12.0304099Z - Installed hashicorp/azurerm v3.52.0 (signed by HashiCorp)
2023-04-19T19:27:12.0309399Z 
2023-04-19T19:27:12.0310044Z Terraform has created a lock file [1m.terraform.lock.hcl[0m to record the provider
2023-04-19T19:27:12.0310441Z selections it made above. Include this file in your version control repository
2023-04-19T19:27:12.0310875Z so that Terraform can guarantee to make the same selections by default when
2023-04-19T19:27:12.0320829Z you run "terraform init" in the future.[0m
2023-04-19T19:27:12.0329128Z 
2023-04-19T19:27:12.0334552Z [0m[1m[32mTerraform has been successfully initialized![0m[32m[0m
2023-04-19T19:27:12.0338964Z [0m[32m
2023-04-19T19:27:12.0339300Z You may now begin working with Terraform. Try running "terraform plan" to see
2023-04-19T19:27:12.0339669Z any changes that are required for your infrastructure. All Terraform commands
2023-04-19T19:27:12.0339950Z should now work.
2023-04-19T19:27:12.0340163Z 
2023-04-19T19:27:12.0340432Z If you ever set or change modules or backend configuration for Terraform,
2023-04-19T19:27:12.0340739Z rerun this command to reinitialize your working directory. If you forget, other
2023-04-19T19:27:12.0350550Z commands will detect it and remind you to do so if necessary.[0m
2023-04-19T19:27:12.0477780Z ##[section]Finishing: TerraformTaskV4
2023-04-19T19:27:13.0181076Z ##[section]Starting: TerraformTaskV4
2023-04-19T19:27:13.0186150Z ==============================================================================
2023-04-19T19:27:13.0186280Z Task         : Terraform
2023-04-19T19:27:13.0186353Z Description  : Execute terraform commands to manage resources on AzureRM, Amazon Web Services(AWS) and Google Cloud Platform(GCP)
2023-04-19T19:27:13.0186488Z Version      : 4.218.21
2023-04-19T19:27:13.0186546Z Author       : Microsoft Corporation
2023-04-19T19:27:13.0186625Z Help         : [Learn more about this task](https://aka.ms/AAf0uqr)
2023-04-19T19:27:13.0186728Z ==============================================================================
2023-04-19T19:27:14.2021857Z [command]/usr/bin/terraform providers
2023-04-19T19:27:17.0389872Z 
2023-04-19T19:27:17.0390910Z Providers required by configuration:
2023-04-19T19:27:17.0391203Z .
2023-04-19T19:27:17.0392886Z └── provider[registry.terraform.io/hashicorp/azurerm] ~> 3.2
2023-04-19T19:27:17.0393201Z 
2023-04-19T19:27:17.0440692Z [command]/usr/bin/terraform plan -detailed-exitcode
2023-04-19T19:27:20.0403346Z Acquiring state lock. This may take a few moments...
2023-04-19T19:27:32.9029839Z 
2023-04-19T19:27:32.9030625Z Terraform used the selected providers to generate the following execution
2023-04-19T19:27:32.9030998Z plan. Resource actions are indicated with the following symbols:
2023-04-19T19:27:32.9042208Z   [32m+[0m create[0m
2023-04-19T19:27:32.9046424Z 
2023-04-19T19:27:32.9046730Z Terraform will perform the following actions:
2023-04-19T19:27:32.9053758Z 
2023-04-19T19:27:32.9060350Z [1m  # azurerm_role_assignment.example["vm1"][0m will be created
2023-04-19T19:27:32.9060954Z [0m  [32m+[0m[0m resource "azurerm_role_assignment" "example" {
2023-04-19T19:27:32.9061424Z       [32m+[0m[0m id                               = (known after apply)
2023-04-19T19:27:32.9061820Z       [32m+[0m[0m name                             = (known after apply)
2023-04-19T19:27:32.9062290Z       [32m+[0m[0m principal_id                     = "aada50fe-1cac-4e82-b606-dbd8dae89739"
2023-04-19T19:27:32.9062746Z       [32m+[0m[0m principal_type                   = (known after apply)
2023-04-19T19:27:32.9101361Z       [32m+[0m[0m role_definition_id               = (known after apply)
2023-04-19T19:27:32.9101784Z       [32m+[0m[0m role_definition_name             = "Reader"
2023-04-19T19:27:32.9102121Z       [32m+[0m[0m scope                            = "/subscriptions/23691e30-29e0-45f0-9efa-9e38d2d8358e/resourceGroups/MYRESOURCEGROUP5"
2023-04-19T19:27:32.9102558Z       [32m+[0m[0m skip_service_principal_aad_check = (known after apply)
2023-04-19T19:27:32.9102681Z     }
2023-04-19T19:27:32.9109952Z 
2023-04-19T19:27:32.9115660Z [1m  # azurerm_role_assignment.example["vm2"][0m will be created
2023-04-19T19:27:32.9115943Z [0m  [32m+[0m[0m resource "azurerm_role_assignment" "example" {
2023-04-19T19:27:32.9116321Z       [32m+[0m[0m id                               = (known after apply)
2023-04-19T19:27:32.9116552Z       [32m+[0m[0m name                             = (known after apply)
2023-04-19T19:27:32.9116834Z       [32m+[0m[0m principal_id                     = "aada50fe-1cac-4e82-b606-dbd8dae89739"
2023-04-19T19:27:32.9117415Z       [32m+[0m[0m principal_type                   = (known after apply)
2023-04-19T19:27:32.9117662Z       [32m+[0m[0m role_definition_id               = (known after apply)
2023-04-19T19:27:32.9117886Z       [32m+[0m[0m role_definition_name             = "Contributor"
2023-04-19T19:27:32.9118237Z       [32m+[0m[0m scope                            = "/subscriptions/23691e30-29e0-45f0-9efa-9e38d2d8358e/resourceGroups/MYRESOURCEGROUP5"
2023-04-19T19:27:32.9118512Z       [32m+[0m[0m skip_service_principal_aad_check = (known after apply)
2023-04-19T19:27:32.9118632Z     }
2023-04-19T19:27:32.9124641Z 
2023-04-19T19:27:32.9131059Z [1m  # azurerm_role_assignment.example["vm3"][0m will be created
2023-04-19T19:27:32.9131561Z [0m  [32m+[0m[0m resource "azurerm_role_assignment" "example" {
2023-04-19T19:27:32.9131858Z       [32m+[0m[0m id                               = (known after apply)
2023-04-19T19:27:32.9132075Z       [32m+[0m[0m name                             = (known after apply)
2023-04-19T19:27:32.9132360Z       [32m+[0m[0m principal_id                     = "aada50fe-1cac-4e82-b606-dbd8dae89739"
2023-04-19T19:27:32.9132601Z       [32m+[0m[0m principal_type                   = (known after apply)
2023-04-19T19:27:32.9132831Z       [32m+[0m[0m role_definition_id               = (known after apply)
2023-04-19T19:27:32.9133097Z       [32m+[0m[0m role_definition_name             = "Virtual Machine Contributor"
2023-04-19T19:27:32.9133440Z       [32m+[0m[0m scope                            = "/subscriptions/23691e30-29e0-45f0-9efa-9e38d2d8358e/resourceGroups/MYRESOURCEGROUP5"
2023-04-19T19:27:32.9133730Z       [32m+[0m[0m skip_service_principal_aad_check = (known after apply)
2023-04-19T19:27:32.9133850Z     }
2023-04-19T19:27:32.9141506Z 
2023-04-19T19:27:32.9141849Z [1mPlan:[0m 3 to add, 0 to change, 0 to destroy.
2023-04-19T19:27:32.9148229Z [0m[90m
2023-04-19T19:27:32.9159389Z ─────────────────────────────────────────────────────────────────────────────[0m
2023-04-19T19:27:32.9165843Z 
2023-04-19T19:27:32.9166206Z Note: You didn't use the -out option to save this plan, so Terraform can't
2023-04-19T19:27:32.9166407Z guarantee to take exactly these actions if you run "terraform apply" now.
2023-04-19T19:27:33.3178560Z Releasing state lock. This may take a few moments...
2023-04-19T19:27:33.7551137Z ##[section]Finishing: TerraformTaskV4
2023-04-19T19:27:34.2591240Z ##[section]Starting: Checkout terraform-replacetoken-poc@main to s
2023-04-19T19:27:34.2594035Z ==============================================================================
2023-04-19T19:27:34.2594157Z Task         : Get sources
2023-04-19T19:27:34.2594214Z Description  : Get sources from a repository. Supports Git, TfsVC, and SVN repositories.
2023-04-19T19:27:34.2594320Z Version      : 1.0.0
2023-04-19T19:27:34.2594378Z Author       : Microsoft
2023-04-19T19:27:34.2594493Z Help         : [More Information](https://go.microsoft.com/fwlink/?LinkId=798199)
2023-04-19T19:27:34.2594612Z ==============================================================================
2023-04-19T19:27:35.6592268Z Cleaning any cached credential from repository: terraform-replacetoken-poc (Git)
2023-04-19T19:27:35.6697454Z ##[section]Finishing: Checkout terraform-replacetoken-poc@main to s
2023-04-19T19:27:37.7088932Z ##[section]Starting: Finalize Job
2023-04-19T19:27:37.7118554Z Cleaning up task key
2023-04-19T19:27:37.7119529Z Start cleaning up orphan processes.
2023-04-19T19:27:37.7221050Z ##[section]Finishing: Finalize Job
2023-04-19T19:27:37.7282006Z ##[section]Finishing: terraform_plan
